
Microsoft Visual Studio Solution File, Format Version 12.00
# Visual Studio 2013
VisualStudioVersion = 12.0.40629.0
MinimumVisualStudioVersion = 10.0.40219.1
Project("{FAE04EC0-301F-11D3-BF4B-00C04F79EFBC}") = "Inventario", "Inventario\Inventario.csproj", "{39BB2AFD-8BFE-4419-8E23-5F23782E65AA}"
EndProject
Project("{FAE04EC0-301F-11D3-BF4B-00C04F79EFBC}") = "DaoProject", "DaoProject\DaoProject.csproj", "{B1DCF934-AF99-4E12-A640-006CA7D7CB15}"
EndProject
Project("{FAE04EC0-301F-11D3-BF4B-00C04F79EFBC}") = "Reporting", "Reporting\Reporting.csproj", "{CCC8A44E-79FE-445B-B9F6-28395C9AB053}"
EndProject
Global
	GlobalSection(SolutionConfigurationPlatforms) = preSolution
		Debug|Any CPU = Debug|Any CPU
		Release|Any CPU = Release|Any CPU
	EndGlobalSection
	GlobalSection(ProjectConfigurationPlatforms) = postSolution
		{39BB2AFD-8BFE-4419-8E23-5F23782E65AA}.Debug|Any CPU.ActiveCfg = Debug|Any CPU
		{39BB2AFD-8BFE-4419-8E23-5F23782E65AA}.Debug|Any CPU.Build.0 = Debug|Any CPU
		{39BB2AFD-8BFE-4419-8E23-5F23782E65AA}.Release|Any CPU.ActiveCfg = Release|Any CPU
		{39BB2AFD-8BFE-4419-8E23-5F23782E65AA}.Release|Any CPU.Build.0 = Release|Any CPU
		{B1DCF934-AF99-4E12-A640-006CA7D7CB15}.Debug|Any CPU.ActiveCfg = Debug|Any CPU
		{B1DCF934-AF99-4E12-A640-006CA7D7CB15}.Debug|Any CPU.Build.0 = Debug|Any CPU
		{B1DCF934-AF99-4E12-A640-006CA7D7CB15}.Release|Any CPU.ActiveCfg = Release|Any CPU
		{B1DCF934-AF99-4E12-A640-006CA7D7CB15}.Release|Any CPU.Build.0 = Release|Any CPU
		{CCC8A44E-79FE-445B-B9F6-28395C9AB053}.Debug|Any CPU.ActiveCfg = Debug|Any CPU
		{CCC8A44E-79FE-445B-B9F6-28395C9AB053}.Debug|Any CPU.Build.0 = Debug|Any CPU
		{CCC8A44E-79FE-445B-B9F6-28395C9AB053}.Release|Any CPU.ActiveCfg = Release|Any CPU
		{CCC8A44E-79FE-445B-B9F6-28395C9AB053}.Release|Any CPU.Build.0 = Release|Any CPU
	EndGlobalSection
	GlobalSection(SolutionProperties) = preSolution
		HideSolutionNode = FALSE
	EndGlobalSection
EndGlobal
